
Microsoft Visual Studio Solution File, Format Version 12.00
# Visual Studio Version 17
VisualStudioVersion = 17.0.31825.309
MinimumVisualStudioVersion = 10.0.40219.1
Project("{8BC9CEB8-8B4A-11D0-8D11-00A0C91BC942}") = "gtps3", "gtps3.vcxproj", "{26E47A29-B757-4496-99D1-A77BC4072463}"
EndProject
Global
	GlobalSection(SolutionConfigurationPlatforms) = preSolution
		Debug|x64 = Debug|x64
		Debug|x86 = Debug|x86
		Release|x64 = Release|x64
		Release|x86 = Release|x86
	EndGlobalSection
	GlobalSection(ProjectConfigurationPlatforms) = postSolution
		{26E47A29-B757-4496-99D1-A77BC4072463}.Debug|x64.ActiveCfg = Debug|x64
		{26E47A29-B757-4496-99D1-A77BC4072463}.Debug|x64.Build.0 = Debug|x64
		{26E47A29-B757-4496-99D1-A77BC4072463}.Debug|x86.ActiveCfg = Debug|Win32
		{26E47A29-B757-4496-99D1-A77BC4072463}.Debug|x86.Build.0 = Debug|Win32
		{26E47A29-B757-4496-99D1-A77BC4072463}.Release|x64.ActiveCfg = Release|x64
		{26E47A29-B757-4496-99D1-A77BC4072463}.Release|x64.Build.0 = Release|x64
		{26E47A29-B757-4496-99D1-A77BC4072463}.Release|x86.ActiveCfg = Release|Win32
		{26E47A29-B757-4496-99D1-A77BC4072463}.Release|x86.Build.0 = Release|Win32
	EndGlobalSection
	GlobalSection(SolutionProperties) = preSolution
		HideSolutionNode = FALSE
	EndGlobalSection
	GlobalSection(ExtensibilityGlobals) = postSolution
		SolutionGuid = {C7A9E858-8745-44B0-BE01-83A62F886AB5}
	EndGlobalSection
EndGlobal
